
Microsoft Visual Studio Solution File, Format Version 12.00
# Visual Studio Version 16
VisualStudioVersion = 16.0.32002.261
MinimumVisualStudioVersion = 10.0.40219.1
Project("{FAE04EC0-301F-11D3-BF4B-00C04F79EFBC}") = "ClientChatApp_20190140133_ZulvaFadillahMa'ruf", "ClientChatApp_20190140133_ZulvaFadillahMa'ruf\ClientChatApp_20190140133_ZulvaFadillahMa'ruf.csproj", "{EF9DE34B-F25B-4700-ADAB-0303B73D2F6C}"
EndProject
Global
	GlobalSection(SolutionConfigurationPlatforms) = preSolution
		Debug|Any CPU = Debug|Any CPU
		Release|Any CPU = Release|Any CPU
	EndGlobalSection
	GlobalSection(ProjectConfigurationPlatforms) = postSolution
		{EF9DE34B-F25B-4700-ADAB-0303B73D2F6C}.Debug|Any CPU.ActiveCfg = Debug|Any CPU
		{EF9DE34B-F25B-4700-ADAB-0303B73D2F6C}.Debug|Any CPU.Build.0 = Debug|Any CPU
		{EF9DE34B-F25B-4700-ADAB-0303B73D2F6C}.Release|Any CPU.ActiveCfg = Release|Any CPU
		{EF9DE34B-F25B-4700-ADAB-0303B73D2F6C}.Release|Any CPU.Build.0 = Release|Any CPU
	EndGlobalSection
	GlobalSection(SolutionProperties) = preSolution
		HideSolutionNode = FALSE
	EndGlobalSection
	GlobalSection(ExtensibilityGlobals) = postSolution
		SolutionGuid = {CAA3A36A-D4DD-4A9D-B037-65129E1CB417}
	EndGlobalSection
EndGlobal
